
Microsoft Visual Studio Solution File, Format Version 12.00
# Visual Studio 15
VisualStudioVersion = 15.0.26430.14
MinimumVisualStudioVersion = 10.0.40219.1
Project("{FAE04EC0-301F-11D3-BF4B-00C04F79EFBC}") = "WineTrip", "WineTrip\WineTrip.csproj", "{5393C4AC-BC04-44B7-A9D1-DDF6EB6FF0FD}"
EndProject
Project("{54435603-DBB4-11D2-8724-00A0C9A8B90C}") = "Setup", "Setup\Setup.vdproj", "{04465A93-270A-42A0-9D1C-1AA40C186AE1}"
EndProject
Global
	GlobalSection(SolutionConfigurationPlatforms) = preSolution
		Debug|Any CPU = Debug|Any CPU
		Release|Any CPU = Release|Any CPU
	EndGlobalSection
	GlobalSection(ProjectConfigurationPlatforms) = postSolution
		{5393C4AC-BC04-44B7-A9D1-DDF6EB6FF0FD}.Debug|Any CPU.ActiveCfg = Debug|Any CPU
		{5393C4AC-BC04-44B7-A9D1-DDF6EB6FF0FD}.Debug|Any CPU.Build.0 = Debug|Any CPU
		{5393C4AC-BC04-44B7-A9D1-DDF6EB6FF0FD}.Release|Any CPU.ActiveCfg = Release|Any CPU
		{5393C4AC-BC04-44B7-A9D1-DDF6EB6FF0FD}.Release|Any CPU.Build.0 = Release|Any CPU
		{04465A93-270A-42A0-9D1C-1AA40C186AE1}.Debug|Any CPU.ActiveCfg = Debug
		{04465A93-270A-42A0-9D1C-1AA40C186AE1}.Release|Any CPU.ActiveCfg = Release
	EndGlobalSection
	GlobalSection(SolutionProperties) = preSolution
		HideSolutionNode = FALSE
	EndGlobalSection
EndGlobal
